
Microsoft Visual Studio Solution File, Format Version 12.00
# Visual Studio Version 16
VisualStudioVersion = 16.0.29806.167
MinimumVisualStudioVersion = 10.0.40219.1
Project("{9A19103F-16F7-4668-BE54-9A1E7A4F7556}") = "CarouselApp", "CarouselApp.csproj", "{8594CE8F-539D-4007-B3C6-1DF0491B2B60}"
EndProject
Project("{FAE04EC0-301F-11D3-BF4B-00C04F79EFBC}") = "CarouselData", "..\CarouselData\CarouselData.csproj", "{5E6DF69E-E967-487F-8D73-82E5E52BC898}"
EndProject
Global
	GlobalSection(SolutionConfigurationPlatforms) = preSolution
		Debug|Any CPU = Debug|Any CPU
		Release|Any CPU = Release|Any CPU
	EndGlobalSection
	GlobalSection(ProjectConfigurationPlatforms) = postSolution
		{8594CE8F-539D-4007-B3C6-1DF0491B2B60}.Debug|Any CPU.ActiveCfg = Debug|Any CPU
		{8594CE8F-539D-4007-B3C6-1DF0491B2B60}.Debug|Any CPU.Build.0 = Debug|Any CPU
		{8594CE8F-539D-4007-B3C6-1DF0491B2B60}.Release|Any CPU.ActiveCfg = Release|Any CPU
		{8594CE8F-539D-4007-B3C6-1DF0491B2B60}.Release|Any CPU.Build.0 = Release|Any CPU
		{5E6DF69E-E967-487F-8D73-82E5E52BC898}.Debug|Any CPU.ActiveCfg = Debug|Any CPU
		{5E6DF69E-E967-487F-8D73-82E5E52BC898}.Debug|Any CPU.Build.0 = Debug|Any CPU
		{5E6DF69E-E967-487F-8D73-82E5E52BC898}.Release|Any CPU.ActiveCfg = Release|Any CPU
		{5E6DF69E-E967-487F-8D73-82E5E52BC898}.Release|Any CPU.Build.0 = Release|Any CPU
	EndGlobalSection
	GlobalSection(SolutionProperties) = preSolution
		HideSolutionNode = FALSE
	EndGlobalSection
	GlobalSection(ExtensibilityGlobals) = postSolution
		SolutionGuid = {43BDB1EE-7EA3-439C-AFE3-55EE7AA2785A}
	EndGlobalSection
EndGlobal
